// !$*UTF8*$!
{
	archiveVersion = 1;
	classes = {
	};
	objectVersion = 50;
	objects = {

/* Begin PBXBuildFile section */
		F22A156F24DAB472000702BA /* AppDelegate.m in Sources */ = {isa = PBXBuildFile; fileRef = F22A156E24DAB472000702BA /* AppDelegate.m */; };
		F22A157224DAB472000702BA /* SceneDelegate.m in Sources */ = {isa = PBXBuildFile; fileRef = F22A157124DAB472000702BA /* SceneDelegate.m */; };
		F22A157524DAB472000702BA /* ViewController.m in Sources */ = {isa = PBXBuildFile; fileRef = F22A157424DAB472000702BA /* ViewController.m */; };
		F22A157824DAB472000702BA /* Main.storyboard in Resources */ = {isa = PBXBuildFile; fileRef = F22A157624DAB472000702BA /* Main.storyboard */; };
		F22A157A24DAB474000702BA /* Assets.xcassets in Resources */ = {isa = PBXBuildFile; fileRef = F22A157924DAB474000702BA /* Assets.xcassets */; };
		F22A157D24DAB474000702BA /* LaunchScreen.storyboard in Resources */ = {isa = PBXBuildFile; fileRef = F22A157B24DAB474000702BA /* LaunchScreen.storyboard */; };
		F22A158024DAB474000702BA /* main.m in Sources */ = {isa = PBXBuildFile; fileRef = F22A157F24DAB474000702BA /* main.m */; };
		F22A158724DAB4B7000702BA /* ball.png in Resources */ = {isa = PBXBuildFile; fileRef = F22A158624DAB4B7000702BA /* ball.png */; };
/* End PBXBuildFile section */

/* Begin PBXFileReference section */
		F22A156A24DAB472000702BA /* OpenGL_ES_ParticleSystem.app */ = {isa = PBXFileReference; explicitFileType = wrapper.application; includeInIndex = 0; path = OpenGL_ES_ParticleSystem.app; sourceTree = BUILT_PRODUCTS_DIR; };
		F22A156D24DAB472000702BA /* AppDelegate.h */ = {isa = PBXFileReference; lastKnownFileType = sourcecode.c.h; path = AppDelegate.h; sourceTree = "<group>"; };
		F22A156E24DAB472000702BA /* AppDelegate.m */ = {isa = PBXFileReference; lastKnownFileType = sourcecode.c.objc; path = AppDelegate.m; sourceTree = "<group>"; };
		F22A157024DAB472000702BA /* SceneDelegate.h */ = {isa = PBXFileReference; lastKnownFileType = sourcecode.c.h; path = SceneDelegate.h; sourceTree = "<group>"; };
		F22A157124DAB472000702BA /* SceneDelegate.m */ = {isa = PBXFileReference; lastKnownFileType = sourcecode.c.objc; path = SceneDelegate.m; sourceTree = "<group>"; };
		F22A157324DAB472000702BA /* ViewController.h */ = {isa = PBXFileReference; lastKnownFileType = sourcecode.c.h; path = ViewController.h; sourceTree = "<group>"; };
		F22A157424DAB472000702BA /* ViewController.m */ = {isa = PBXFileReference; lastKnownFileType = sourcecode.c.objc; path = ViewController.m; sourceTree = "<group>"; };
		F22A157724DAB472000702BA /* Base */ = {isa = PBXFileReference; lastKnownFileType = file.storyboard; name = Base; path = Base.lproj/Main.storyboard; sourceTree = "<group>"; };
		F22A157924DAB474000702BA /* Assets.xcassets */ = {isa = PBXFileReference; lastKnownFileType = folder.assetcatalog; path = Assets.xcassets; sourceTree = "<group>"; };
		F22A157C24DAB474000702BA /* Base */ = {isa = PBXFileReference; lastKnownFileType = file.storyboard; name = Base; path = Base.lproj/LaunchScreen.storyboard; sourceTree = "<group>"; };
		F22A157E24DAB474000702BA /* Info.plist */ = {isa = PBXFileReference; lastKnownFileType = text.plist.xml; path = Info.plist; sourceTree = "<group>"; };
		F22A157F24DAB474000702BA /* main.m */ = {isa = PBXFileReference; lastKnownFileType = sourcecode.c.objc; path = main.m; sourceTree = "<group>"; };
		F22A158624DAB4B7000702BA /* ball.png */ = {isa = PBXFileReference; lastKnownFileType = image.png; path = ball.png; sourceTree = "<group>"; };
/* End PBXFileReference section */

/* Begin PBXFrameworksBuildPhase section */
		F22A156724DAB472000702BA /* Frameworks */ = {
			isa = PBXFrameworksBuildPhase;
			buildActionMask = 2147483647;
			files = (
			);
			runOnlyForDeploymentPostprocessing = 0;
		};
/* End PBXFrameworksBuildPhase section */

/* Begin PBXGroup section */
		F22A156124DAB472000702BA = {
			isa = PBXGroup;
			children = (
				F22A156C24DAB472000702BA /* OpenGL_ES_ParticleSystem */,
				F22A156B24DAB472000702BA /* Products */,
			);
			sourceTree = "<group>";
		};
		F22A156B24DAB472000702BA /* Products */ = {
			isa = PBXGroup;
			children = (
				F22A156A24DAB472000702BA /* OpenGL_ES_ParticleSystem.app */,
			);
			name = Products;
			sourceTree = "<group>";
		};
		F22A156C24DAB472000702BA /* OpenGL_ES_ParticleSystem */ = {
			isa = PBXGroup;
			children = (
				F22A158624DAB4B7000702BA /* ball.png */,
				F22A156D24DAB472000702BA /* AppDelegate.h */,
				F22A156E24DAB472000702BA /* AppDelegate.m */,
				F22A157024DAB472000702BA /* SceneDelegate.h */,
				F22A157124DAB472000702BA /* SceneDelegate.m */,
				F22A157324DAB472000702BA /* ViewController.h */,
				F22A157424DAB472000702BA /* ViewController.m */,
				F22A157624DAB472000702BA /* Main.storyboard */,
				F22A157924DAB474000702BA /* Assets.xcassets */,
				F22A157B24DAB474000702BA /* LaunchScreen.storyboard */,
				F22A157E24DAB474000702BA /* Info.plist */,
				F22A157F24DAB474000702BA /* main.m */,
			);
			path = OpenGL_ES_ParticleSystem;
			sourceTree = "<group>";
		};
/* End PBXGroup section */

/* Begin PBXNativeTarget section */
		F22A156924DAB472000702BA /* OpenGL_ES_ParticleSystem */ = {
			isa = PBXNativeTarget;
			buildConfigurationList = F22A158324DAB474000702BA /* Build configuration list for PBXNativeTarget "OpenGL_ES_ParticleSystem" */;
			buildPhases = (
				F22A156624DAB472000702BA /* Sources */,
				F22A156724DAB472000702BA /* Frameworks */,
				F22A156824DAB472000702BA /* Resources */,
			);
			buildRules = (
			);
			dependencies = (
			);
			name = OpenGL_ES_ParticleSystem;
			productName = OpenGL_ES_ParticleSystem;
			productReference = F22A156A24DAB472000702BA /* OpenGL_ES_ParticleSystem.app */;
			productType = "com.apple.product-type.application";
		};
/* End PBXNativeTarget section */

/* Begin PBXProject section */
		F22A156224DAB472000702BA /* Project object */ = {
			isa = PBXProject;
			attributes = {
				LastUpgradeCheck = 1150;
				ORGANIZATIONNAME = yuanfangzhuye;
				TargetAttributes = {
					F22A156924DAB472000702BA = {
						CreatedOnToolsVersion = 11.5;
					};
				};
			};
			buildConfigurationList = F22A156524DAB472000702BA /* Build configuration list for PBXProject "OpenGL_ES_ParticleSystem" */;
			compatibilityVersion = "Xcode 9.3";
			developmentRegion = en;
			hasScannedForEncodings = 0;
			knownRegions = (
				en,
				Base,
			);
			mainGroup = F22A156124DAB472000702BA;
			productRefGroup = F22A156B24DAB472000702BA /* Products */;
			projectDirPath = "";
			projectRoot = "";
			targets = (
				F22A156924DAB472000702BA /* OpenGL_ES_ParticleSystem */,
			);
		};
/* End PBXProject section */

/* Begin PBXResourcesBuildPhase section */
		F22A156824DAB472000702BA /* Resources */ = {
			isa = PBXResourcesBuildPhase;
			buildActionMask = 2147483647;
			files = (
				F22A157D24DAB474000702BA /* LaunchScreen.storyboard in Resources */,
				F22A157A24DAB474000702BA /* Assets.xcassets in Resources */,
				F22A158724DAB4B7000702BA /* ball.png in Resources */,
				F22A157824DAB472000702BA /* Main.storyboard in Resources */,
			);
			runOnlyForDeploymentPostprocessing = 0;
		};
/* End PBXResourcesBuildPhase section */

/* Begin PBXSourcesBuildPhase section */
		F22A156624DAB472000702BA /* Sources */ = {
			isa = PBXSourcesBuildPhase;
			buildActionMask = 2147483647;
			files = (
				F22A157524DAB472000702BA /* ViewController.m in Sources */,
				F22A156F24DAB472000702BA /* AppDelegate.m in Sources */,
				F22A158024DAB474000702BA /* main.m in Sources */,
				F22A157224DAB472000702BA /* SceneDelegate.m in Sources */,
			);
			runOnlyForDeploymentPostprocessing = 0;
		};
/* End PBXSourcesBuildPhase section */

/* Begin PBXVariantGroup section */
		F22A157624DAB472000702BA /* Main.storyboard */ = {
			isa = PBXVariantGroup;
			children = (
				F22A157724DAB472000702BA /* Base */,
			);
			name = Main.storyboard;
			sourceTree = "<group>";
		};
		F22A157B24DAB474000702BA /* LaunchScreen.storyboard */ = {
			isa = PBXVariantGroup;
			children = (
				F22A157C24DAB474000702BA /* Base */,
			);
			name = LaunchScreen.storyboard;
			sourceTree = "<group>";
		};
/* End PBXVariantGroup section */

/* Begin XCBuildConfiguration section */
		F22A158124DAB474000702BA /* Debug */ = {
			isa = XCBuildConfiguration;
			buildSettings = {
				ALWAYS_SEARCH_USER_PATHS = NO;
				CLANG_ANALYZER_NONNULL = YES;
				CLANG_ANALYZER_NUMBER_OBJECT_CONVERSION = YES_AGGRESSIVE;
				CLANG_CXX_LANGUAGE_STANDARD = "gnu++14";
				CLANG_CXX_LIBRARY = "libc++";
				CLANG_ENABLE_MODULES = YES;
				CLANG_ENABLE_OBJC_ARC = YES;
				CLANG_ENABLE_OBJC_WEAK = YES;
				CLANG_WARN_BLOCK_CAPTURE_AUTORELEASING = YES;
				CLANG_WARN_BOOL_CONVERSION = YES;
				CLANG_WARN_COMMA = YES;
				CLANG_WARN_CONSTANT_CONVERSION = YES;
				CLANG_WARN_DEPRECATED_OBJC_IMPLEMENTATIONS = YES;
				CLANG_WARN_DIRECT_OBJC_ISA_USAGE = YES_ERROR;
				CLANG_WARN_DOCUMENTATION_COMMENTS = YES;
				CLANG_WARN_EMPTY_BODY = YES;
				CLANG_WARN_ENUM_CONVERSION = YES;
				CLANG_WARN_INFINITE_RECURSION = YES;
				CLANG_WARN_INT_CONVERSION = YES;
				CLANG_WARN_NON_LITERAL_NULL_CONVERSION = YES;
				CLANG_WARN_OBJC_IMPLICIT_RETAIN_SELF = YES;
				CLANG_WARN_OBJC_LITERAL_CONVERSION = YES;
				CLANG_WARN_OBJC_ROOT_CLASS = YES_ERROR;
				CLANG_WARN_RANGE_LOOP_ANALYSIS = YES;
				CLANG_WARN_STRICT_PROTOTYPES = YES;
				CLANG_WARN_SUSPICIOUS_MOVE = YES;
				CLANG_WARN_UNGUARDED_AVAILABILITY = YES_AGGRESSIVE;
				CLANG_WARN_UNREACHABLE_CODE = YES;
				CLANG_WARN__DUPLICATE_METHOD_MATCH = YES;
				COPY_PHASE_STRIP = NO;
				DEBUG_INFORMATION_FORMAT = dwarf;
				ENABLE_STRICT_OBJC_MSGSEND = YES;
				ENABLE_TESTABILITY = YES;
				GCC_C_LANGUAGE_STANDARD = gnu11;
				GCC_DYNAMIC_NO_PIC = NO;
				GCC_NO_COMMON_BLOCKS = YES;
				GCC_OPTIMIZATION_LEVEL = 0;
				GCC_PREPROCESSOR_DEFINITIONS = (
					"DEBUG=1",
					"$(inherited)",
				);
				GCC_WARN_64_TO_32_BIT_CONVERSION = YES;
				GCC_WARN_ABOUT_RETURN_TYPE = YES_ERROR;
				GCC_WARN_UNDECLARED_SELECTOR = YES;
				GCC_WARN_UNINITIALIZED_AUTOS = YES_AGGRESSIVE;
				GCC_WARN_UNUSED_FUNCTION = YES;
				GCC_WARN_UNUSED_VARIABLE = YES;
				IPHONEOS_DEPLOYMENT_TARGET = 13.5;
				MTL_ENABLE_DEBUG_INFO = INCLUDE_SOURCE;
				MTL_FAST_MATH = YES;
				ONLY_ACTIVE_ARCH = YES;
				SDKROOT = iphoneos;
			};
			name = Debug;
		};
		F22A158224DAB474000702BA /* Release */ = {
			isa = XCBuildConfiguration;
			buildSettings = {
				ALWAYS_SEARCH_USER_PATHS = NO;
				CLANG_ANALYZER_NONNULL = YES;
				CLANG_ANALYZER_NUMBER_OBJECT_CONVERSION = YES_AGGRESSIVE;
				CLANG_CXX_LANGUAGE_STANDARD = "gnu++14";
				CLANG_CXX_LIBRARY = "libc++";
				CLANG_ENABLE_MODULES = YES;
				CLANG_ENABLE_OBJC_ARC = YES;
				CLANG_ENABLE_OBJC_WEAK = YES;
				CLANG_WARN_BLOCK_CAPTURE_AUTORELEASING = YES;
				CLANG_WARN_BOOL_CONVERSION = YES;
				CLANG_WARN_COMMA = YES;
				CLANG_WARN_CONSTANT_CONVERSION = YES;
				CLANG_WARN_DEPRECATED_OBJC_IMPLEMENTATIONS = YES;
				CLANG_WARN_DIRECT_OBJC_ISA_USAGE = YES_ERROR;
				CLANG_WARN_DOCUMENTATION_COMMENTS = YES;
				CLANG_WARN_EMPTY_BODY = YES;
				CLANG_WARN_ENUM_CONVERSION = YES;
				CLANG_WARN_INFINITE_RECURSION = YES;
				CLANG_WARN_INT_CONVERSION = YES;
				CLANG_WARN_NON_LITERAL_NULL_CONVERSION = YES;
				CLANG_WARN_OBJC_IMPLICIT_RETAIN_SELF = YES;
				CLANG_WARN_OBJC_LITERAL_CONVERSION = YES;
				CLANG_WARN_OBJC_ROOT_CLASS = YES_ERROR;
				CLANG_WARN_RANGE_LOOP_ANALYSIS = YES;
				CLANG_WARN_STRICT_PROTOTYPES = YES;
				CLANG_WARN_SUSPICIOUS_MOVE = YES;
				CLANG_WARN_UNGUARDED_AVAILABILITY = YES_AGGRESSIVE;
				CLANG_WARN_UNREACHABLE_CODE = YES;
				CLANG_WARN__DUPLICATE_METHOD_MATCH = YES;
				COPY_PHASE_STRIP = NO;
				DEBUG_INFORMATION_FORMAT = "dwarf-with-dsym";
				ENABLE_NS_ASSERTIONS = NO;
				ENABLE_STRICT_OBJC_MSGSEND = YES;
				GCC_C_LANGUAGE_STANDARD = gnu11;
				GCC_NO_COMMON_BLOCKS = YES;
				GCC_WARN_64_TO_32_BIT_CONVERSION = YES;
				GCC_WARN_ABOUT_RETURN_TYPE = YES_ERROR;
				GCC_WARN_UNDECLARED_SELECTOR = YES;
				GCC_WARN_UNINITIALIZED_AUTOS = YES_AGGRESSIVE;
				GCC_WARN_UNUSED_FUNCTION = YES;
				GCC_WARN_UNUSED_VARIABLE = YES;
				IPHONEOS_DEPLOYMENT_TARGET = 13.5;
				MTL_ENABLE_DEBUG_INFO = NO;
				MTL_FAST_MATH = YES;
				SDKROOT = iphoneos;
				VALIDATE_PRODUCT = YES;
			};
			name = Release;
		};
		F22A158424DAB474000702BA /* Debug */ = {
			isa = XCBuildConfiguration;
			buildSettings = {
				ASSETCATALOG_COMPILER_APPICON_NAME = AppIcon;
				CODE_SIGN_STYLE = Automatic;
				INFOPLIST_FILE = OpenGL_ES_ParticleSystem/Info.plist;
				IPHONEOS_DEPLOYMENT_TARGET = 10.0;
				LD_RUNPATH_SEARCH_PATHS = (
					"$(inherited)",
					"@executable_path/Frameworks",
				);
				PRODUCT_BUNDLE_IDENTIFIER = "cn.com.yuanfangzhuye.OpenGL-ES-ParticleSystem";
				PRODUCT_NAME = "$(TARGET_NAME)";
				TARGETED_DEVICE_FAMILY = "1,2";
			};
			name = Debug;
		};
		F22A158524DAB474000702BA /* Release */ = {
			isa = XCBuildConfiguration;
			buildSettings = {
				ASSETCATALOG_COMPILER_APPICON_NAME = AppIcon;
				CODE_SIGN_STYLE = Automatic;
				INFOPLIST_FILE = OpenGL_ES_ParticleSystem/Info.plist;
				IPHONEOS_DEPLOYMENT_TARGET = 10.0;
				LD_RUNPATH_SEARCH_PATHS = (
					"$(inherited)",
					"@executable_path/Frameworks",
				);
				PRODUCT_BUNDLE_IDENTIFIER = "cn.com.yuanfangzhuye.OpenGL-ES-ParticleSystem";
				PRODUCT_NAME = "$(TARGET_NAME)";
				TARGETED_DEVICE_FAMILY = "1,2";
			};
			name = Release;
		};
/* End XCBuildConfiguration section */

/* Begin XCConfigurationList section */
		F22A156524DAB472000702BA /* Build configuration list for PBXProject "OpenGL_ES_ParticleSystem" */ = {
			isa = XCConfigurationList;
			buildConfigurations = (
				F22A158124DAB474000702BA /* Debug */,
				F22A158224DAB474000702BA /* Release */,
			);
			defaultConfigurationIsVisible = 0;
			defaultConfigurationName = Release;
		};
		F22A158324DAB474000702BA /* Build configuration list for PBXNativeTarget "OpenGL_ES_ParticleSystem" */ = {
			isa = XCConfigurationList;
			buildConfigurations = (
				F22A158424DAB474000702BA /* Debug */,
				F22A158524DAB474000702BA /* Release */,
			);
			defaultConfigurationIsVisible = 0;
			defaultConfigurationName = Release;
		};
/* End XCConfigurationList section */
	};
	rootObject = F22A156224DAB472000702BA /* Project object */;
}
